
Microsoft Visual Studio Solution File, Format Version 12.00
# Visual Studio 15
VisualStudioVersion = 15.0.27428.2027
MinimumVisualStudioVersion = 10.0.40219.1
Project("{FAE04EC0-301F-11D3-BF4B-00C04F79EFBC}") = "VolumeController", "VolumeController\VolumeController.csproj", "{635314C4-A207-461B-9994-BF430799CB77}"
EndProject
Global
	GlobalSection(SolutionConfigurationPlatforms) = preSolution
		Debug|Any CPU = Debug|Any CPU
		Release|Any CPU = Release|Any CPU
	EndGlobalSection
	GlobalSection(ProjectConfigurationPlatforms) = postSolution
		{635314C4-A207-461B-9994-BF430799CB77}.Debug|Any CPU.ActiveCfg = Debug|Any CPU
		{635314C4-A207-461B-9994-BF430799CB77}.Debug|Any CPU.Build.0 = Debug|Any CPU
		{635314C4-A207-461B-9994-BF430799CB77}.Release|Any CPU.ActiveCfg = Release|Any CPU
		{635314C4-A207-461B-9994-BF430799CB77}.Release|Any CPU.Build.0 = Release|Any CPU
	EndGlobalSection
	GlobalSection(SolutionProperties) = preSolution
		HideSolutionNode = FALSE
	EndGlobalSection
	GlobalSection(ExtensibilityGlobals) = postSolution
		SolutionGuid = {C1D1C851-0BD2-4A67-A8DB-1803DCE9BC0B}
	EndGlobalSection
EndGlobal
